// !$*UTF8*$!
{
	archiveVersion = 1;
	classes = {
	};
	objectVersion = 77;
	objects = {

/* Begin PBXContainerItemProxy section */
		F9BFFCB22F5F4E0C0020FE6D /* PBXContainerItemProxy */ = {
			isa = PBXContainerItemProxy;
			containerPortal = F9BFFC9A2F5F4E080020FE6D /* Project object */;
			proxyType = 1;
			remoteGlobalIDString = F9BFFCA12F5F4E080020FE6D;
			remoteInfo = MyPokedex;
		};
		F9BFFCBC2F5F4E0C0020FE6D /* PBXContainerItemProxy */ = {
			isa = PBXContainerItemProxy;
			containerPortal = F9BFFC9A2F5F4E080020FE6D /* Project object */;
			proxyType = 1;
			remoteGlobalIDString = F9BFFCA12F5F4E080020FE6D;
			remoteInfo = MyPokedex;
		};
/* End PBXContainerItemProxy section */

/* Begin PBXFileReference section */
		F9BFFCA22F5F4E080020FE6D /* MyPokedex.app */ = {isa = PBXFileReference; explicitFileType = wrapper.application; includeInIndex = 0; path = MyPokedex.app; sourceTree = BUILT_PRODUCTS_DIR; };
		F9BFFCB12F5F4E0C0020FE6D /* MyPokedexTests.xctest */ = {isa = PBXFileReference; explicitFileType = wrapper.cfbundle; includeInIndex = 0; path = MyPokedexTests.xctest; sourceTree = BUILT_PRODUCTS_DIR; };
		F9BFFCBB2F5F4E0C0020FE6D /* MyPokedexUITests.xctest */ = {isa = PBXFileReference; explicitFileType = wrapper.cfbundle; includeInIndex = 0; path = MyPokedexUITests.xctest; sourceTree = BUILT_PRODUCTS_DIR; };
/* End PBXFileReference section */

/* Begin PBXFileSystemSynchronizedRootGroup section */
		F9BFFCA42F5F4E080020FE6D /* MyPokedex */ = {
			isa = PBXFileSystemSynchronizedRootGroup;
			path = MyPokedex;
			sourceTree = "<group>";
		};
		F9BFFCB42F5F4E0C0020FE6D /* MyPokedexTests */ = {
			isa = PBXFileSystemSynchronizedRootGroup;
			path = MyPokedexTests;
			sourceTree = "<group>";
		};
		F9BFFCBE2F5F4E0C0020FE6D /* MyPokedexUITests */ = {
			isa = PBXFileSystemSynchronizedRootGroup;
			path = MyPokedexUITests;
			sourceTree = "<group>";
		};
/* End PBXFileSystemSynchronizedRootGroup section */

/* Begin PBXFrameworksBuildPhase section */
		F9BFFC9F2F5F4E080020FE6D /* Frameworks */ = {
			isa = PBXFrameworksBuildPhase;
			buildActionMask = 2147483647;
			files = (
			);
			runOnlyForDeploymentPostprocessing = 0;
		};
		F9BFFCAE2F5F4E0C0020FE6D /* Frameworks */ = {
			isa = PBXFrameworksBuildPhase;
			buildActionMask = 2147483647;
			files = (
			);
			runOnlyForDeploymentPostprocessing = 0;
		};
		F9BFFCB82F5F4E0C0020FE6D /* Frameworks */ = {
			isa = PBXFrameworksBuildPhase;
			buildActionMask = 2147483647;
			files = (
			);
			runOnlyForDeploymentPostprocessing = 0;
		};
/* End PBXFrameworksBuildPhase section */

/* Begin PBXGroup section */
		F9BFFC992F5F4E080020FE6D = {
			isa = PBXGroup;
			children = (
				F9BFFCA42F5F4E080020FE6D /* MyPokedex */,
				F9BFFCB42F5F4E0C0020FE6D /* MyPokedexTests */,
				F9BFFCBE2F5F4E0C0020FE6D /* MyPokedexUITests */,
				F9BFFCA32F5F4E080020FE6D /* Products */,
			);
			sourceTree = "<group>";
		};
		F9BFFCA32F5F4E080020FE6D /* Products */ = {
			isa = PBXGroup;
			children = (
				F9BFFCA22F5F4E080020FE6D /* MyPokedex.app */,
				F9BFFCB12F5F4E0C0020FE6D /* MyPokedexTests.xctest */,
				F9BFFCBB2F5F4E0C0020FE6D /* MyPokedexUITests.xctest */,
			);
			name = Products;
			sourceTree = "<group>";
		};
/* End PBXGroup section */

/* Begin PBXNativeTarget section */
		F9BFFCA12F5F4E080020FE6D /* MyPokedex */ = {
			isa = PBXNativeTarget;
			buildConfigurationList = F9BFFCC52F5F4E0C0020FE6D /* Build configuration list for PBXNativeTarget "MyPokedex" */;
			buildPhases = (
				F9BFFC9E2F5F4E080020FE6D /* Sources */,
				F9BFFC9F2F5F4E080020FE6D /* Frameworks */,
				F9BFFCA02F5F4E080020FE6D /* Resources */,
			);
			buildRules = (
			);
			dependencies = (
			);
			fileSystemSynchronizedGroups = (
				F9BFFCA42F5F4E080020FE6D /* MyPokedex */,
			);
			name = MyPokedex;
			packageProductDependencies = (
			);
			productName = MyPokedex;
			productReference = F9BFFCA22F5F4E080020FE6D /* MyPokedex.app */;
			productType = "com.apple.product-type.application";
		};
		F9BFFCB02F5F4E0C0020FE6D /* MyPokedexTests */ = {
			isa = PBXNativeTarget;
			buildConfigurationList = F9BFFCC82F5F4E0C0020FE6D /* Build configuration list for PBXNativeTarget "MyPokedexTests" */;
			buildPhases = (
				F9BFFCAD2F5F4E0C0020FE6D /* Sources */,
				F9BFFCAE2F5F4E0C0020FE6D /* Frameworks */,
				F9BFFCAF2F5F4E0C0020FE6D /* Resources */,
			);
			buildRules = (
			);
			dependencies = (
				F9BFFCB32F5F4E0C0020FE6D /* PBXTargetDependency */,
			);
			fileSystemSynchronizedGroups = (
				F9BFFCB42F5F4E0C0020FE6D /* MyPokedexTests */,
			);
			name = MyPokedexTests;
			packageProductDependencies = (
			);
			productName = MyPokedexTests;
			productReference = F9BFFCB12F5F4E0C0020FE6D /* MyPokedexTests.xctest */;
			productType = "com.apple.product-type.bundle.unit-test";
		};
		F9BFFCBA2F5F4E0C0020FE6D /* MyPokedexUITests */ = {
			isa = PBXNativeTarget;
			buildConfigurationList = F9BFFCCB2F5F4E0C0020FE6D /* Build configuration list for PBXNativeTarget "MyPokedexUITests" */;
			buildPhases = (
				F9BFFCB72F5F4E0C0020FE6D /* Sources */,
				F9BFFCB82F5F4E0C0020FE6D /* Frameworks */,
				F9BFFCB92F5F4E0C0020FE6D /* Resources */,
			);
			buildRules = (
			);
			dependencies = (
				F9BFFCBD2F5F4E0C0020FE6D /* PBXTargetDependency */,
			);
			fileSystemSynchronizedGroups = (
				F9BFFCBE2F5F4E0C0020FE6D /* MyPokedexUITests */,
			);
			name = MyPokedexUITests;
			packageProductDependencies = (
			);
			productName = MyPokedexUITests;
			productReference = F9BFFCBB2F5F4E0C0020FE6D /* MyPokedexUITests.xctest */;
			productType = "com.apple.product-type.bundle.ui-testing";
		};
/* End PBXNativeTarget section */

/* Begin PBXProject section */
		F9BFFC9A2F5F4E080020FE6D /* Project object */ = {
			isa = PBXProject;
			attributes = {
				BuildIndependentTargetsInParallel = 1;
				LastSwiftUpdateCheck = 2620;
				LastUpgradeCheck = 2620;
				TargetAttributes = {
					F9BFFCA12F5F4E080020FE6D = {
						CreatedOnToolsVersion = 26.2;
					};
					F9BFFCB02F5F4E0C0020FE6D = {
						CreatedOnToolsVersion = 26.2;
						TestTargetID = F9BFFCA12F5F4E080020FE6D;
					};
					F9BFFCBA2F5F4E0C0020FE6D = {
						CreatedOnToolsVersion = 26.2;
						TestTargetID = F9BFFCA12F5F4E080020FE6D;
					};
				};
			};
			buildConfigurationList = F9BFFC9D2F5F4E080020FE6D /* Build configuration list for PBXProject "MyPokedex" */;
			developmentRegion = en;
			hasScannedForEncodings = 0;
			knownRegions = (
				en,
				Base,
			);
			mainGroup = F9BFFC992F5F4E080020FE6D;
			minimizedProjectReferenceProxies = 1;
			preferredProjectObjectVersion = 77;
			productRefGroup = F9BFFCA32F5F4E080020FE6D /* Products */;
			projectDirPath = "";
			projectRoot = "";
			targets = (
				F9BFFCA12F5F4E080020FE6D /* MyPokedex */,
				F9BFFCB02F5F4E0C0020FE6D /* MyPokedexTests */,
				F9BFFCBA2F5F4E0C0020FE6D /* MyPokedexUITests */,
			);
		};
/* End PBXProject section */

/* Begin PBXResourcesBuildPhase section */
		F9BFFCA02F5F4E080020FE6D /* Resources */ = {
			isa = PBXResourcesBuildPhase;
			buildActionMask = 2147483647;
			files = (
			);
			runOnlyForDeploymentPostprocessing = 0;
		};
		F9BFFCAF2F5F4E0C0020FE6D /* Resources */ = {
			isa = PBXResourcesBuildPhase;
			buildActionMask = 2147483647;
			files = (
			);
			runOnlyForDeploymentPostprocessing = 0;
		};
		F9BFFCB92F5F4E0C0020FE6D /* Resources */ = {
			isa = PBXResourcesBuildPhase;
			buildActionMask = 2147483647;
			files = (
			);
			runOnlyForDeploymentPostprocessing = 0;
		};
/* End PBXResourcesBuildPhase section */

/* Begin PBXSourcesBuildPhase section */
		F9BFFC9E2F5F4E080020FE6D /* Sources */ = {
			isa = PBXSourcesBuildPhase;
			buildActionMask = 2147483647;
			files = (
			);
			runOnlyForDeploymentPostprocessing = 0;
		};
		F9BFFCAD2F5F4E0C0020FE6D /* Sources */ = {
			isa = PBXSourcesBuildPhase;
			buildActionMask = 2147483647;
			files = (
			);
			runOnlyForDeploymentPostprocessing = 0;
		};
		F9BFFCB72F5F4E0C0020FE6D /* Sources */ = {
			isa = PBXSourcesBuildPhase;
			buildActionMask = 2147483647;
			files = (
			);
			runOnlyForDeploymentPostprocessing = 0;
		};
/* End PBXSourcesBuildPhase section */

/* Begin PBXTargetDependency section */
		F9BFFCB32F5F4E0C0020FE6D /* PBXTargetDependency */ = {
			isa = PBXTargetDependency;
			target = F9BFFCA12F5F4E080020FE6D /* MyPokedex */;
			targetProxy = F9BFFCB22F5F4E0C0020FE6D /* PBXContainerItemProxy */;
		};
		F9BFFCBD2F5F4E0C0020FE6D /* PBXTargetDependency */ = {
			isa = PBXTargetDependency;
			target = F9BFFCA12F5F4E080020FE6D /* MyPokedex */;
			targetProxy = F9BFFCBC2F5F4E0C0020FE6D /* PBXContainerItemProxy */;
		};
/* End PBXTargetDependency section */

/* Begin XCBuildConfiguration section */
		F9BFFCC32F5F4E0C0020FE6D /* Debug */ = {
			isa = XCBuildConfiguration;
			buildSettings = {
				ALWAYS_SEARCH_USER_PATHS = NO;
				ASSETCATALOG_COMPILER_GENERATE_SWIFT_ASSET_SYMBOL_EXTENSIONS = YES;
				CLANG_ANALYZER_NONNULL = YES;
				CLANG_ANALYZER_NUMBER_OBJECT_CONVERSION = YES_AGGRESSIVE;
				CLANG_CXX_LANGUAGE_STANDARD = "gnu++20";
				CLANG_ENABLE_MODULES = YES;
				CLANG_ENABLE_OBJC_ARC = YES;
				CLANG_ENABLE_OBJC_WEAK = YES;
				CLANG_WARN_BLOCK_CAPTURE_AUTORELEASING = YES;
				CLANG_WARN_BOOL_CONVERSION = YES;
				CLANG_WARN_COMMA = YES;
				CLANG_WARN_CONSTANT_CONVERSION = YES;
				CLANG_WARN_DEPRECATED_OBJC_IMPLEMENTATIONS = YES;
				CLANG_WARN_DIRECT_OBJC_ISA_USAGE = YES_ERROR;
				CLANG_WARN_DOCUMENTATION_COMMENTS = YES;
				CLANG_WARN_EMPTY_BODY = YES;
				CLANG_WARN_ENUM_CONVERSION = YES;
				CLANG_WARN_INFINITE_RECURSION = YES;
				CLANG_WARN_INT_CONVERSION = YES;
				CLANG_WARN_NON_LITERAL_NULL_CONVERSION = YES;
				CLANG_WARN_OBJC_IMPLICIT_RETAIN_SELF = YES;
				CLANG_WARN_OBJC_LITERAL_CONVERSION = YES;
				CLANG_WARN_OBJC_ROOT_CLASS = YES_ERROR;
				CLANG_WARN_QUOTED_INCLUDE_IN_FRAMEWORK_HEADER = YES;
				CLANG_WARN_RANGE_LOOP_ANALYSIS = YES;
				CLANG_WARN_STRICT_PROTOTYPES = YES;
				CLANG_WARN_SUSPICIOUS_MOVE = YES;
				CLANG_WARN_UNGUARDED_AVAILABILITY = YES_AGGRESSIVE;
				CLANG_WARN_UNREACHABLE_CODE = YES;
				CLANG_WARN__DUPLICATE_METHOD_MATCH = YES;
				COPY_PHASE_STRIP = NO;
				DEBUG_INFORMATION_FORMAT = dwarf;
				DEVELOPMENT_TEAM = 7PU33DVB8U;
				ENABLE_STRICT_OBJC_MSGSEND = YES;
				ENABLE_TESTABILITY = YES;
				ENABLE_USER_SCRIPT_SANDBOXING = YES;
				GCC_C_LANGUAGE_STANDARD = gnu17;
				GCC_DYNAMIC_NO_PIC = NO;
				GCC_NO_COMMON_BLOCKS = YES;
				GCC_OPTIMIZATION_LEVEL = 0;
				GCC_PREPROCESSOR_DEFINITIONS = (
					"DEBUG=1",
					"$(inherited)",
				);
				GCC_WARN_64_TO_32_BIT_CONVERSION = YES;
				GCC_WARN_ABOUT_RETURN_TYPE = YES_ERROR;
				GCC_WARN_UNDECLARED_SELECTOR = YES;
				GCC_WARN_UNINITIALIZED_AUTOS = YES_AGGRESSIVE;
				GCC_WARN_UNUSED_FUNCTION = YES;
				GCC_WARN_UNUSED_VARIABLE = YES;
				IPHONEOS_DEPLOYMENT_TARGET = 18.6;
				LOCALIZATION_PREFERS_STRING_CATALOGS = YES;
				MTL_ENABLE_DEBUG_INFO = INCLUDE_SOURCE;
				MTL_FAST_MATH = YES;
				ONLY_ACTIVE_ARCH = YES;
				SDKROOT = iphoneos;
				SWIFT_ACTIVE_COMPILATION_CONDITIONS = "DEBUG $(inherited)";
				SWIFT_OPTIMIZATION_LEVEL = "-Onone";
			};
			name = Debug;
		};
		F9BFFCC42F5F4E0C0020FE6D /* Release */ = {
			isa = XCBuildConfiguration;
			buildSettings = {
				ALWAYS_SEARCH_USER_PATHS = NO;
				ASSETCATALOG_COMPILER_GENERATE_SWIFT_ASSET_SYMBOL_EXTENSIONS = YES;
				CLANG_ANALYZER_NONNULL = YES;
				CLANG_ANALYZER_NUMBER_OBJECT_CONVERSION = YES_AGGRESSIVE;
				CLANG_CXX_LANGUAGE_STANDARD = "gnu++20";
				CLANG_ENABLE_MODULES = YES;
				CLANG_ENABLE_OBJC_ARC = YES;
				CLANG_ENABLE_OBJC_WEAK = YES;
				CLANG_WARN_BLOCK_CAPTURE_AUTORELEASING = YES;
				CLANG_WARN_BOOL_CONVERSION = YES;
				CLANG_WARN_COMMA = YES;
				CLANG_WARN_CONSTANT_CONVERSION = YES;
				CLANG_WARN_DEPRECATED_OBJC_IMPLEMENTATIONS = YES;
				CLANG_WARN_DIRECT_OBJC_ISA_USAGE = YES_ERROR;
				CLANG_WARN_DOCUMENTATION_COMMENTS = YES;
				CLANG_WARN_EMPTY_BODY = YES;
				CLANG_WARN_ENUM_CONVERSION = YES;
				CLANG_WARN_INFINITE_RECURSION = YES;
				CLANG_WARN_INT_CONVERSION = YES;
				CLANG_WARN_NON_LITERAL_NULL_CONVERSION = YES;
				CLANG_WARN_OBJC_IMPLICIT_RETAIN_SELF = YES;
				CLANG_WARN_OBJC_LITERAL_CONVERSION = YES;
				CLANG_WARN_OBJC_ROOT_CLASS = YES_ERROR;
				CLANG_WARN_QUOTED_INCLUDE_IN_FRAMEWORK_HEADER = YES;
				CLANG_WARN_RANGE_LOOP_ANALYSIS = YES;
				CLANG_WARN_STRICT_PROTOTYPES = YES;
				CLANG_WARN_SUSPICIOUS_MOVE = YES;
				CLANG_WARN_UNGUARDED_AVAILABILITY = YES_AGGRESSIVE;
				CLANG_WARN_UNREACHABLE_CODE = YES;
				CLANG_WARN__DUPLICATE_METHOD_MATCH = YES;
				COPY_PHASE_STRIP = NO;
				DEBUG_INFORMATION_FORMAT = "dwarf-with-dsym";
				DEVELOPMENT_TEAM = 7PU33DVB8U;
				ENABLE_NS_ASSERTIONS = NO;
				ENABLE_STRICT_OBJC_MSGSEND = YES;
				ENABLE_USER_SCRIPT_SANDBOXING = YES;
				GCC_C_LANGUAGE_STANDARD = gnu17;
				GCC_NO_COMMON_BLOCKS = YES;
				GCC_WARN_64_TO_32_BIT_CONVERSION = YES;
				GCC_WARN_ABOUT_RETURN_TYPE = YES_ERROR;
				GCC_WARN_UNDECLARED_SELECTOR = YES;
				GCC_WARN_UNINITIALIZED_AUTOS = YES_AGGRESSIVE;
				GCC_WARN_UNUSED_FUNCTION = YES;
				GCC_WARN_UNUSED_VARIABLE = YES;
				IPHONEOS_DEPLOYMENT_TARGET = 18.6;
				LOCALIZATION_PREFERS_STRING_CATALOGS = YES;
				MTL_ENABLE_DEBUG_INFO = NO;
				MTL_FAST_MATH = YES;
				SDKROOT = iphoneos;
				SWIFT_COMPILATION_MODE = wholemodule;
				VALIDATE_PRODUCT = YES;
			};
			name = Release;
		};
		F9BFFCC62F5F4E0C0020FE6D /* Debug */ = {
			isa = XCBuildConfiguration;
			buildSettings = {
				ASSETCATALOG_COMPILER_APPICON_NAME = AppIcon;
				ASSETCATALOG_COMPILER_GLOBAL_ACCENT_COLOR_NAME = AccentColor;
				CODE_SIGN_STYLE = Automatic;
				CURRENT_PROJECT_VERSION = 1;
				DEVELOPMENT_TEAM = 3389E48524;
				ENABLE_PREVIEWS = YES;
				GENERATE_INFOPLIST_FILE = YES;
				INFOPLIST_KEY_UIApplicationSceneManifest_Generation = YES;
				INFOPLIST_KEY_UIApplicationSupportsIndirectInputEvents = YES;
				INFOPLIST_KEY_UILaunchScreen_Generation = YES;
				INFOPLIST_KEY_UISupportedInterfaceOrientations_iPad = "UIInterfaceOrientationPortrait UIInterfaceOrientationPortraitUpsideDown UIInterfaceOrientationLandscapeLeft UIInterfaceOrientationLandscapeRight";
				INFOPLIST_KEY_UISupportedInterfaceOrientations_iPhone = "UIInterfaceOrientationPortrait UIInterfaceOrientationLandscapeLeft UIInterfaceOrientationLandscapeRight";
				LD_RUNPATH_SEARCH_PATHS = (
					"$(inherited)",
					"@executable_path/Frameworks",
				);
				MARKETING_VERSION = 1.0;
				PRODUCT_BUNDLE_IDENTIFIER = br.org.cesar.nativeApps.ios.MyPokedex;
				PRODUCT_NAME = "$(TARGET_NAME)";
				STRING_CATALOG_GENERATE_SYMBOLS = YES;
				SWIFT_APPROACHABLE_CONCURRENCY = YES;
				SWIFT_DEFAULT_ACTOR_ISOLATION = MainActor;
				SWIFT_EMIT_LOC_STRINGS = YES;
				SWIFT_UPCOMING_FEATURE_MEMBER_IMPORT_VISIBILITY = YES;
				SWIFT_VERSION = 5.0;
				TARGETED_DEVICE_FAMILY = "1,2";
			};
			name = Debug;
		};
		F9BFFCC72F5F4E0C0020FE6D /* Release */ = {
			isa = XCBuildConfiguration;
			buildSettings = {
				ASSETCATALOG_COMPILER_APPICON_NAME = AppIcon;
				ASSETCATALOG_COMPILER_GLOBAL_ACCENT_COLOR_NAME = AccentColor;
				CODE_SIGN_STYLE = Automatic;
				CURRENT_PROJECT_VERSION = 1;
				DEVELOPMENT_TEAM = 3389E48524;
				ENABLE_PREVIEWS = YES;
				GENERATE_INFOPLIST_FILE = YES;
				INFOPLIST_KEY_UIApplicationSceneManifest_Generation = YES;
				INFOPLIST_KEY_UIApplicationSupportsIndirectInputEvents = YES;
				INFOPLIST_KEY_UILaunchScreen_Generation = YES;
				INFOPLIST_KEY_UISupportedInterfaceOrientations_iPad = "UIInterfaceOrientationPortrait UIInterfaceOrientationPortraitUpsideDown UIInterfaceOrientationLandscapeLeft UIInterfaceOrientationLandscapeRight";
				INFOPLIST_KEY_UISupportedInterfaceOrientations_iPhone = "UIInterfaceOrientationPortrait UIInterfaceOrientationLandscapeLeft UIInterfaceOrientationLandscapeRight";
				LD_RUNPATH_SEARCH_PATHS = (
					"$(inherited)",
					"@executable_path/Frameworks",
				);
				MARKETING_VERSION = 1.0;
				PRODUCT_BUNDLE_IDENTIFIER = br.org.cesar.nativeApps.ios.MyPokedex;
				PRODUCT_NAME = "$(TARGET_NAME)";
				STRING_CATALOG_GENERATE_SYMBOLS = YES;
				SWIFT_APPROACHABLE_CONCURRENCY = YES;
				SWIFT_DEFAULT_ACTOR_ISOLATION = MainActor;
				SWIFT_EMIT_LOC_STRINGS = YES;
				SWIFT_UPCOMING_FEATURE_MEMBER_IMPORT_VISIBILITY = YES;
				SWIFT_VERSION = 5.0;
				TARGETED_DEVICE_FAMILY = "1,2";
			};
			name = Release;
		};
		F9BFFCC92F5F4E0C0020FE6D /* Debug */ = {
			isa = XCBuildConfiguration;
			buildSettings = {
				BUNDLE_LOADER = "$(TEST_HOST)";
				CODE_SIGN_STYLE = Automatic;
				CURRENT_PROJECT_VERSION = 1;
				DEVELOPMENT_TEAM = 7PU33DVB8U;
				GENERATE_INFOPLIST_FILE = YES;
				IPHONEOS_DEPLOYMENT_TARGET = 26.2;
				MARKETING_VERSION = 1.0;
				PRODUCT_BUNDLE_IDENTIFIER = igor.cesar.learning.MyPokedexTests;
				PRODUCT_NAME = "$(TARGET_NAME)";
				STRING_CATALOG_GENERATE_SYMBOLS = NO;
				SWIFT_APPROACHABLE_CONCURRENCY = YES;
				SWIFT_EMIT_LOC_STRINGS = NO;
				SWIFT_UPCOMING_FEATURE_MEMBER_IMPORT_VISIBILITY = YES;
				SWIFT_VERSION = 5.0;
				TARGETED_DEVICE_FAMILY = "1,2";
				TEST_HOST = "$(BUILT_PRODUCTS_DIR)/MyPokedex.app/$(BUNDLE_EXECUTABLE_FOLDER_PATH)/MyPokedex";
			};
			name = Debug;
		};
		F9BFFCCA2F5F4E0C0020FE6D /* Release */ = {
			isa = XCBuildConfiguration;
			buildSettings = {
				BUNDLE_LOADER = "$(TEST_HOST)";
				CODE_SIGN_STYLE = Automatic;
				CURRENT_PROJECT_VERSION = 1;
				DEVELOPMENT_TEAM = 7PU33DVB8U;
				GENERATE_INFOPLIST_FILE = YES;
				IPHONEOS_DEPLOYMENT_TARGET = 26.2;
				MARKETING_VERSION = 1.0;
				PRODUCT_BUNDLE_IDENTIFIER = igor.cesar.learning.MyPokedexTests;
				PRODUCT_NAME = "$(TARGET_NAME)";
				STRING_CATALOG_GENERATE_SYMBOLS = NO;
				SWIFT_APPROACHABLE_CONCURRENCY = YES;
				SWIFT_EMIT_LOC_STRINGS = NO;
				SWIFT_UPCOMING_FEATURE_MEMBER_IMPORT_VISIBILITY = YES;
				SWIFT_VERSION = 5.0;
				TARGETED_DEVICE_FAMILY = "1,2";
				TEST_HOST = "$(BUILT_PRODUCTS_DIR)/MyPokedex.app/$(BUNDLE_EXECUTABLE_FOLDER_PATH)/MyPokedex";
			};
			name = Release;
		};
		F9BFFCCC2F5F4E0C0020FE6D /* Debug */ = {
			isa = XCBuildConfiguration;
			buildSettings = {
				CODE_SIGN_STYLE = Automatic;
				CURRENT_PROJECT_VERSION = 1;
				DEVELOPMENT_TEAM = 7PU33DVB8U;
				GENERATE_INFOPLIST_FILE = YES;
				MARKETING_VERSION = 1.0;
				PRODUCT_BUNDLE_IDENTIFIER = igor.cesar.learning.MyPokedexUITests;
				PRODUCT_NAME = "$(TARGET_NAME)";
				STRING_CATALOG_GENERATE_SYMBOLS = NO;
				SWIFT_APPROACHABLE_CONCURRENCY = YES;
				SWIFT_EMIT_LOC_STRINGS = NO;
				SWIFT_UPCOMING_FEATURE_MEMBER_IMPORT_VISIBILITY = YES;
				SWIFT_VERSION = 5.0;
				TARGETED_DEVICE_FAMILY = "1,2";
				TEST_TARGET_NAME = MyPokedex;
			};
			name = Debug;
		};
		F9BFFCCD2F5F4E0C0020FE6D /* Release */ = {
			isa = XCBuildConfiguration;
			buildSettings = {
				CODE_SIGN_STYLE = Automatic;
				CURRENT_PROJECT_VERSION = 1;
				DEVELOPMENT_TEAM = 7PU33DVB8U;
				GENERATE_INFOPLIST_FILE = YES;
				MARKETING_VERSION = 1.0;
				PRODUCT_BUNDLE_IDENTIFIER = igor.cesar.learning.MyPokedexUITests;
				PRODUCT_NAME = "$(TARGET_NAME)";
				STRING_CATALOG_GENERATE_SYMBOLS = NO;
				SWIFT_APPROACHABLE_CONCURRENCY = YES;
				SWIFT_EMIT_LOC_STRINGS = NO;
				SWIFT_UPCOMING_FEATURE_MEMBER_IMPORT_VISIBILITY = YES;
				SWIFT_VERSION = 5.0;
				TARGETED_DEVICE_FAMILY = "1,2";
				TEST_TARGET_NAME = MyPokedex;
			};
			name = Release;
		};
/* End XCBuildConfiguration section */

/* Begin XCConfigurationList section */
		F9BFFC9D2F5F4E080020FE6D /* Build configuration list for PBXProject "MyPokedex" */ = {
			isa = XCConfigurationList;
			buildConfigurations = (
				F9BFFCC32F5F4E0C0020FE6D /* Debug */,
				F9BFFCC42F5F4E0C0020FE6D /* Release */,
			);
			defaultConfigurationIsVisible = 0;
			defaultConfigurationName = Release;
		};
		F9BFFCC52F5F4E0C0020FE6D /* Build configuration list for PBXNativeTarget "MyPokedex" */ = {
			isa = XCConfigurationList;
			buildConfigurations = (
				F9BFFCC62F5F4E0C0020FE6D /* Debug */,
				F9BFFCC72F5F4E0C0020FE6D /* Release */,
			);
			defaultConfigurationIsVisible = 0;
			defaultConfigurationName = Release;
		};
		F9BFFCC82F5F4E0C0020FE6D /* Build configuration list for PBXNativeTarget "MyPokedexTests" */ = {
			isa = XCConfigurationList;
			buildConfigurations = (
				F9BFFCC92F5F4E0C0020FE6D /* Debug */,
				F9BFFCCA2F5F4E0C0020FE6D /* Release */,
			);
			defaultConfigurationIsVisible = 0;
			defaultConfigurationName = Release;
		};
		F9BFFCCB2F5F4E0C0020FE6D /* Build configuration list for PBXNativeTarget "MyPokedexUITests" */ = {
			isa = XCConfigurationList;
			buildConfigurations = (
				F9BFFCCC2F5F4E0C0020FE6D /* Debug */,
				F9BFFCCD2F5F4E0C0020FE6D /* Release */,
			);
			defaultConfigurationIsVisible = 0;
			defaultConfigurationName = Release;
		};
/* End XCConfigurationList section */
	};
	rootObject = F9BFFC9A2F5F4E080020FE6D /* Project object */;
}
